<?xml version="1.0" encoding="utf-8"?>
<Project ToolsVersion="4.0" xmlns="http://schemas.microsoft.com/developer/msbuild/2003">
  <ItemGroup>
    <Filter Include="Source Files">
      <UniqueIdentifier>{4FC737F1-C7A5-4376-A066-2A32D752A2FF}</UniqueIdentifier>
      <Extensions>cpp;c;cc;cxx;def;odl;idl;hpj;bat;asm;asmx</Extensions>
    </Filter>
    <Filter Include="Header Files">
      <UniqueIdentifier>{93995380-89BD-4b04-88EB-625FBE52EBFB}</UniqueIdentifier>
      <Extensions>h;hh;hpp;hxx;hm;inl;inc;xsd</Extensions>
    </Filter>
    <Filter Include="Resource Files">
      <UniqueIdentifier>{67DA6AB6-F800-4c08-8B7A-83BB121AAD01}</UniqueIdentifier>
      <Extensions>rc;ico;cur;bmp;dlg;rc2;rct;bin;rgs;gif;jpg;jpeg;jpe;resx;tiff;tif;png;wav;mfcribbon-ms</Extensions>
    </Filter>
    <Filter Include="Source Files\Game">
      <UniqueIdentifier>{9e6389bc-45ce-4798-a9d6-0b2842002595}</UniqueIdentifier>
    </Filter>
    <Filter Include="Source Files\Entities">
      <UniqueIdentifier>{8ab8837d-ec2e-43f9-8e06-820e640756e6}</UniqueIdentifier>
    </Filter>
    <Filter Include="Header Files\Game">
      <UniqueIdentifier>{5f9bed93-e06b-4a8c-a0e8-5f539f525df5}</UniqueIdentifier>
    </Filter>
    <Filter Include="Header Files\Entities">
      <UniqueIdentifier>{78183333-207a-42ab-aa43-aa9dee180f50}</UniqueIdentifier>
    </Filter>
    <Filter Include="shaders">
      <UniqueIdentifier>{7857a73d-8f16-4dc1-b87a-dc98e85a06be}</UniqueIdentifier>
    </Filter>
    <Filter Include="assets">
      <UniqueIdentifier>{7c98eefe-76b3-4beb-9ed4-276c016f119e}</UniqueIdentifier>
    </Filter>
    <Filter Include="Header Files\Equipment">
      <UniqueIdentifier>{6b726d7a-9247-4980-a3ea-b6d7529aba3a}</UniqueIdentifier>
    </Filter>
    <Filter Include="Source Files\Equipment">
      <UniqueIdentifier>{7ca5bc2e-0c51-4a48-a29c-3e6859fe3bdd}</UniqueIdentifier>
    </Filter>
    <Filter Include="Source Files\Entities\EnemyEntities">
      <UniqueIdentifier>{68d657cb-bb26-4126-bdc2-35b22f810a9d}</UniqueIdentifier>
    </Filter>
    <Filter Include="Source Files\Entities\WeaponEntities">
      <UniqueIdentifier>{86e54513-a4c1-41a8-b2a1-02258fdc6827}</UniqueIdentifier>
    </Filter>
    <Filter Include="Header Files\Entities\EnemyEntities">
      <UniqueIdentifier>{30083c04-0bce-45c1-9bb9-961393667a04}</UniqueIdentifier>
    </Filter>
    <Filter Include="Header Files\Entities\WeaponEntities">
      <UniqueIdentifier>{4f9a01ef-59fc-41dc-a826-7e2ededa6e51}</UniqueIdentifier>
    </Filter>
    <Filter Include="Source Files\Utilities">
      <UniqueIdentifier>{f8ef8fc7-9cfb-452c-b94e-239e4039a30c}</UniqueIdentifier>
    </Filter>
    <Filter Include="Header Files\Utilities">
      <UniqueIdentifier>{4381a915-48c4-4528-8d2f-60fcefb155b2}</UniqueIdentifier>
    </Filter>
    <Filter Include="Header Files\Shaders">
      <UniqueIdentifier>{5f3d32e5-6e3d-4257-bf26-dcf25c5bdc82}</UniqueIdentifier>
    </Filter>
    <Filter Include="Source Files\Shaders">
      <UniqueIdentifier>{7ba0b312-94d4-4240-981a-e02d1b037402}</UniqueIdentifier>
    </Filter>
    <Filter Include="Source Files\Entities\PlayerEntities">
      <UniqueIdentifier>{23b085dc-56c8-4281-b294-d85a7ed2860e}</UniqueIdentifier>
    </Filter>
    <Filter Include="Header Files\Entities\PlayerEntities">
      <UniqueIdentifier>{8c3d3143-e62b-4399-9f5f-c7ca5968e1d1}</UniqueIdentifier>
    </Filter>
  </ItemGroup>
  <ItemGroup>
    <ClCompile Include="main.cpp">
      <Filter>Source Files</Filter>
    </ClCompile>
    <ClCompile Include="Window.cpp">
      <Filter>Source Files</Filter>
    </ClCompile>
    <ClCompile Include="GameObject.cpp">
      <Filter>Source Files\Entities</Filter>
    </ClCompile>
    <ClCompile Include="Game.cpp">
      <Filter>Source Files\Game</Filter>
    </ClCompile>
    <ClCompile Include="GameState.cpp">
      <Filter>Source Files\Game</Filter>
    </ClCompile>
    <ClCompile Include="LevelState.cpp">
      <Filter>Source Files\Game</Filter>
    </ClCompile>
    <ClCompile Include="TerrainGameObject.cpp">
      <Filter>Source Files\Entities</Filter>
    </ClCompile>
    <ClCompile Include="GravityGameObject.cpp">
      <Filter>Source Files\Entities</Filter>
    </ClCompile>
    <ClCompile Include="LevelInterface.cpp">
      <Filter>Source Files\Game</Filter>
    </ClCompile>
    <ClCompile Include="PlayerInventory.cpp">
      <Filter>Source Files\Game</Filter>
    </ClCompile>
    <ClCompile Include="Weapon.cpp">
      <Filter>Source Files\Equipment</Filter>
    </ClCompile>
    <ClCompile Include="Harpoon.cpp">
      <Filter>Source Files\Equipment</Filter>
    </ClCompile>
    <ClCompile Include="Pistol.cpp">
      <Filter>Source Files\Equipment</Filter>
    </ClCompile>
    <ClCompile Include="Laser.cpp">
      <Filter>Source Files\Equipment</Filter>
    </ClCompile>
    <ClCompile Include="BulletGameObject.cpp">
      <Filter>Source Files\Entities\WeaponEntities</Filter>
    </ClCompile>
    <ClCompile Include="EnemyGameObject.cpp">
      <Filter>Source Files\Entities\EnemyEntities</Filter>
    </ClCompile>
    <ClCompile Include="FishGameObject.cpp">
      <Filter>Source Files\Entities\EnemyEntities</Filter>
    </ClCompile>
    <ClCompile Include="HarpoonGameObject.cpp">
      <Filter>Source Files\Entities\WeaponEntities</Filter>
    </ClCompile>
    <ClCompile Include="LaserGameObject.cpp">
      <Filter>Source Files\Entities\WeaponEntities</Filter>
    </ClCompile>
    <ClCompile Include="WeaponGameObject.cpp">
      <Filter>Source Files\Entities\WeaponEntities</Filter>
    </ClCompile>
    <ClCompile Include="JellyfishGameObject.cpp">
      <Filter>Source Files\Entities\EnemyEntities</Filter>
    </ClCompile>
    <ClCompile Include="FileUtils.cpp">
      <Filter>Source Files\Utilities</Filter>
    </ClCompile>
    <ClCompile Include="ExitGameObject.cpp">
      <Filter>Source Files\Entities</Filter>
    </ClCompile>
    <ClCompile Include="Shader.cpp">
      <Filter>Source Files\Shaders</Filter>
    </ClCompile>
    <ClCompile Include="Random.cpp">
      <Filter>Source Files\Utilities</Filter>
    </ClCompile>
    <ClCompile Include="AABB.cpp">
      <Filter>Source Files\Utilities</Filter>
    </ClCompile>
    <ClCompile Include="LineOfSight.cpp">
      <Filter>Source Files\Utilities</Filter>
    </ClCompile>
    <ClCompile Include="SpriteShader.cpp">
      <Filter>Source Files\Shaders</Filter>
    </ClCompile>
    <ClCompile Include="LaserShader.cpp">
      <Filter>Source Files\Shaders</Filter>
    </ClCompile>
    <ClCompile Include="ElectricityGameObject.cpp">
      <Filter>Source Files\Entities\WeaponEntities</Filter>
    </ClCompile>
    <ClCompile Include="SmokerGameObject.cpp">
      <Filter>Source Files\Entities\EnemyEntities</Filter>
    </ClCompile>
    <ClCompile Include="ParticleShader.cpp">
      <Filter>Source Files\Shaders</Filter>
    </ClCompile>
    <ClCompile Include="Powerup.cpp">
      <Filter>Source Files\Equipment</Filter>
    </ClCompile>
    <ClCompile Include="PlayerGameObject.cpp">
      <Filter>Source Files\Entities\PlayerEntities</Filter>
    </ClCompile>
    <ClCompile Include="TreasureGameObject.cpp">
      <Filter>Source Files\Entities\PlayerEntities</Filter>
    </ClCompile>
    <ClCompile Include="PowerupGameObject.cpp">
      <Filter>Source Files\Entities\PlayerEntities</Filter>
    </ClCompile>
  </ItemGroup>
  <ItemGroup>
    <ClInclude Include="Window.h">
      <Filter>Header Files</Filter>
    </ClInclude>
    <ClInclude Include="GameObject.h">
      <Filter>Header Files\Entities</Filter>
    </ClInclude>
    <ClInclude Include="Game.h">
      <Filter>Header Files\Game</Filter>
    </ClInclude>
    <ClInclude Include="GameState.h">
      <Filter>Header Files\Game</Filter>
    </ClInclude>
    <ClInclude Include="LevelState.h">
      <Filter>Header Files\Game</Filter>
    </ClInclude>
    <ClInclude Include="TerrainGameObject.h">
      <Filter>Header Files\Entities</Filter>
    </ClInclude>
    <ClInclude Include="GravityGameObject.h">
      <Filter>Header Files\Entities</Filter>
    </ClInclude>
    <ClInclude Include="LevelInterface.h">
      <Filter>Header Files\Game</Filter>
    </ClInclude>
    <ClInclude Include="PlayerInventory.h">
      <Filter>Header Files\Game</Filter>
    </ClInclude>
    <ClInclude Include="Weapon.h">
      <Filter>Header Files\Equipment</Filter>
    </ClInclude>
    <ClInclude Include="Harpoon.h">
      <Filter>Header Files\Equipment</Filter>
    </ClInclude>
    <ClInclude Include="Pistol.h">
      <Filter>Header Files\Equipment</Filter>
    </ClInclude>
    <ClInclude Include="Laser.h">
      <Filter>Header Files\Equipment</Filter>
    </ClInclude>
    <ClInclude Include="BulletGameObject.h">
      <Filter>Header Files\Entities\WeaponEntities</Filter>
    </ClInclude>
    <ClInclude Include="EnemyGameObject.h">
      <Filter>Header Files\Entities\EnemyEntities</Filter>
    </ClInclude>
    <ClInclude Include="FishGameObject.h">
      <Filter>Header Files\Entities\EnemyEntities</Filter>
    </ClInclude>
    <ClInclude Include="HarpoonGameObject.h">
      <Filter>Header Files\Entities\WeaponEntities</Filter>
    </ClInclude>
    <ClInclude Include="LaserGameObject.h">
      <Filter>Header Files\Entities\WeaponEntities</Filter>
    </ClInclude>
    <ClInclude Include="WeaponGameObject.h">
      <Filter>Header Files\Entities\WeaponEntities</Filter>
    </ClInclude>
    <ClInclude Include="JellyfishGameObject.h">
      <Filter>Header Files\Entities\EnemyEntities</Filter>
    </ClInclude>
    <ClInclude Include="FileUtils.h">
      <Filter>Header Files\Utilities</Filter>
    </ClInclude>
    <ClInclude Include="Random.h">
      <Filter>Header Files\Utilities</Filter>
    </ClInclude>
    <ClInclude Include="ExitGameObject.h">
      <Filter>Header Files\Entities</Filter>
    </ClInclude>
    <ClInclude Include="Shader.h">
      <Filter>Header Files\Shaders</Filter>
    </ClInclude>
    <ClInclude Include="AABB.h">
      <Filter>Header Files\Utilities</Filter>
    </ClInclude>
    <ClInclude Include="LineOfSight.h">
      <Filter>Header Files\Utilities</Filter>
    </ClInclude>
    <ClInclude Include="LaserShader.h">
      <Filter>Header Files\Shaders</Filter>
    </ClInclude>
    <ClInclude Include="SpriteShader.h">
      <Filter>Header Files\Shaders</Filter>
    </ClInclude>
    <ClInclude Include="ElectricityGameObject.h">
      <Filter>Header Files\Entities\WeaponEntities</Filter>
    </ClInclude>
    <ClInclude Include="SmokerGameObject.h">
      <Filter>Header Files\Entities\EnemyEntities</Filter>
    </ClInclude>
    <ClInclude Include="ParticleShader.h">
      <Filter>Header Files\Shaders</Filter>
    </ClInclude>
    <ClInclude Include="Powerup.h">
      <Filter>Header Files\Equipment</Filter>
    </ClInclude>
    <ClInclude Include="PlayerGameObject.h">
      <Filter>Header Files\Entities\PlayerEntities</Filter>
    </ClInclude>
    <ClInclude Include="TreasureGameObject.h">
      <Filter>Header Files\Entities\PlayerEntities</Filter>
    </ClInclude>
    <ClInclude Include="PowerupGameObject.h">
      <Filter>Header Files\Entities\PlayerEntities</Filter>
    </ClInclude>
  </ItemGroup>
  <ItemGroup>
    <None Include="README.md" />
    <None Include="shader.frag">
      <Filter>shaders</Filter>
    </None>
    <None Include="shader.vert">
      <Filter>shaders</Filter>
    </None>
    <None Include="laser.vert">
      <Filter>shaders</Filter>
    </None>
    <None Include="laser.frag">
      <Filter>shaders</Filter>
    </None>
    <None Include="particles.vert">
      <Filter>shaders</Filter>
    </None>
    <None Include="particles.frag">
      <Filter>shaders</Filter>
    </None>
  </ItemGroup>
  <ItemGroup>
    <Image Include="Assets\environment\background.png">
      <Filter>assets</Filter>
    </Image>
    <Image Include="Assets\FX\bubbles.png">
      <Filter>assets</Filter>
    </Image>
    <Image Include="Assets\FX\enemy-death.png">
      <Filter>assets</Filter>
    </Image>
    <Image Include="Assets\FX\explosion.png">
      <Filter>assets</Filter>
    </Image>
    <Image Include="Assets\FX\explosion-big.png">
      <Filter>assets</Filter>
    </Image>
    <Image Include="Assets\FX\explosion-small.png">
      <Filter>assets</Filter>
    </Image>
    <Image Include="Assets\enemies\fish.png">
      <Filter>assets</Filter>
    </Image>
    <Image Include="Assets\enemies\fish-big.png">
      <Filter>assets</Filter>
    </Image>
    <Image Include="Assets\enemies\fish-dart.png">
      <Filter>assets</Filter>
    </Image>
    <Image Include="Assets\environment\midground.png">
      <Filter>assets</Filter>
    </Image>
    <Image Include="Assets\enemies\mine.png">
      <Filter>assets</Filter>
    </Image>
    <Image Include="Assets\enemies\mine-big.png">
      <Filter>assets</Filter>
    </Image>
    <Image Include="Assets\enemies\mine-small.png">
      <Filter>assets</Filter>
    </Image>
    <Image Include="Assets\player\player-fast.png">
      <Filter>assets</Filter>
    </Image>
    <Image Include="Assets\player\player-hurt.png">
      <Filter>assets</Filter>
    </Image>
    <Image Include="Assets\player\player-idle.png">
      <Filter>assets</Filter>
    </Image>
    <Image Include="Assets\player\player-idle-single.png">
      <Filter>assets</Filter>
    </Image>
    <Image Include="Assets\player\player-rush.png">
      <Filter>assets</Filter>
    </Image>
    <Image Include="Assets\player\player-swiming.png">
      <Filter>assets</Filter>
    </Image>
    <Image Include="Assets\environment\props.png">
      <Filter>assets</Filter>
    </Image>
    <Image Include="Assets\environment\tiles.png">
      <Filter>assets</Filter>
    </Image>
  </ItemGroup>
</Project>